# This file is automatically @generated by Cargo.
# It is not intended for manual editing.
version = 4

[[package]]
name = "world-authoring"
version = "0.0.0"
dependencies = [
 "world-core",
 "world-defs",
]

[[package]]
name = "world-context"
version = "0.0.0"
dependencies = [
 "world-core",
 "world-defs",
 "world-model",
]

[[package]]
name = "world-core"
version = "0.0.0"

[[package]]
name = "world-decision"
version = "0.0.0"
dependencies = [
 "world-context",
 "world-core",
 "world-defs",
]

[[package]]
name = "world-defs"
version = "0.0.0"
dependencies = [
 "world-core",
]

[[package]]
name = "world-engine"
version = "0.0.0"
dependencies = [
 "world-authoring",
 "world-context",
 "world-core",
 "world-decision",
 "world-defs",
 "world-model",
 "world-runtime",
]

[[package]]
name = "world-model"
version = "0.0.0"
dependencies = [
 "world-core",
 "world-defs",
]

[[package]]
name = "world-runtime"
version = "0.0.0"
dependencies = [
 "world-core",
 "world-defs",
 "world-model",
]
